
Microsoft Visual Studio Solution File, Format Version 12.00
# Visual Studio Version 17
VisualStudioVersion = 17.4.33213.308
MinimumVisualStudioVersion = 10.0.40219.1
Project("{9A19103F-16F7-4668-BE54-9A1E7A4F7556}") = "Entities", "Entities\Entities.csproj", "{2F9B7EA3-4FC4-4BDC-97E3-9345E6FB4B75}"
EndProject
Project("{9A19103F-16F7-4668-BE54-9A1E7A4F7556}") = "Services", "Srvices\Services.csproj", "{1A952011-6246-4E7B-A660-E42C2DFFDDAA}"
EndProject
Project("{9A19103F-16F7-4668-BE54-9A1E7A4F7556}") = "UI", "UI\UI.csproj", "{BD25E563-617E-43E2-801B-38F9A4684E24}"
EndProject
Project("{FAE04EC0-301F-11D3-BF4B-00C04F79EFBC}") = "Root", "Root\Root.csproj", "{084FB1F9-ABB8-4C7E-BD0A-D5D9977D62BA}"
EndProject
Global
	GlobalSection(SolutionConfigurationPlatforms) = preSolution
		Debug|Any CPU = Debug|Any CPU
		Release|Any CPU = Release|Any CPU
	EndGlobalSection
	GlobalSection(ProjectConfigurationPlatforms) = postSolution
		{2F9B7EA3-4FC4-4BDC-97E3-9345E6FB4B75}.Debug|Any CPU.ActiveCfg = Debug|Any CPU
		{2F9B7EA3-4FC4-4BDC-97E3-9345E6FB4B75}.Debug|Any CPU.Build.0 = Debug|Any CPU
		{2F9B7EA3-4FC4-4BDC-97E3-9345E6FB4B75}.Release|Any CPU.ActiveCfg = Release|Any CPU
		{2F9B7EA3-4FC4-4BDC-97E3-9345E6FB4B75}.Release|Any CPU.Build.0 = Release|Any CPU
		{1A952011-6246-4E7B-A660-E42C2DFFDDAA}.Debug|Any CPU.ActiveCfg = Debug|Any CPU
		{1A952011-6246-4E7B-A660-E42C2DFFDDAA}.Debug|Any CPU.Build.0 = Debug|Any CPU
		{1A952011-6246-4E7B-A660-E42C2DFFDDAA}.Release|Any CPU.ActiveCfg = Release|Any CPU
		{1A952011-6246-4E7B-A660-E42C2DFFDDAA}.Release|Any CPU.Build.0 = Release|Any CPU
		{BD25E563-617E-43E2-801B-38F9A4684E24}.Debug|Any CPU.ActiveCfg = Debug|Any CPU
		{BD25E563-617E-43E2-801B-38F9A4684E24}.Debug|Any CPU.Build.0 = Debug|Any CPU
		{BD25E563-617E-43E2-801B-38F9A4684E24}.Release|Any CPU.ActiveCfg = Release|Any CPU
		{BD25E563-617E-43E2-801B-38F9A4684E24}.Release|Any CPU.Build.0 = Release|Any CPU
		{084FB1F9-ABB8-4C7E-BD0A-D5D9977D62BA}.Debug|Any CPU.ActiveCfg = Debug|Any CPU
		{084FB1F9-ABB8-4C7E-BD0A-D5D9977D62BA}.Debug|Any CPU.Build.0 = Debug|Any CPU
		{084FB1F9-ABB8-4C7E-BD0A-D5D9977D62BA}.Release|Any CPU.ActiveCfg = Release|Any CPU
		{084FB1F9-ABB8-4C7E-BD0A-D5D9977D62BA}.Release|Any CPU.Build.0 = Release|Any CPU
	EndGlobalSection
	GlobalSection(SolutionProperties) = preSolution
		HideSolutionNode = FALSE
	EndGlobalSection
	GlobalSection(ExtensibilityGlobals) = postSolution
		SolutionGuid = {658C0CF4-47FA-427F-BB85-F55CD7841BD7}
	EndGlobalSection
EndGlobal
